// !$*UTF8*$!
{
	archiveVersion = 1;
	classes = {
	};
	objectVersion = 46;
	objects = {

/* Begin PBXBuildFile section */
		00DD468C1F2763B500564B91 /* AppDelegate.swift in Sources */ = {isa = PBXBuildFile; fileRef = 00DD468B1F2763B500564B91 /* AppDelegate.swift */; };
		00DD468E1F2763B500564B91 /* CameraVC.swift in Sources */ = {isa = PBXBuildFile; fileRef = 00DD468D1F2763B500564B91 /* CameraVC.swift */; };
		00DD46911F2763B500564B91 /* Main.storyboard in Resources */ = {isa = PBXBuildFile; fileRef = 00DD468F1F2763B500564B91 /* Main.storyboard */; };
		00DD46931F2763B500564B91 /* Assets.xcassets in Resources */ = {isa = PBXBuildFile; fileRef = 00DD46921F2763B500564B91 /* Assets.xcassets */; };
		00DD46961F2763B500564B91 /* LaunchScreen.storyboard in Resources */ = {isa = PBXBuildFile; fileRef = 00DD46941F2763B500564B91 /* LaunchScreen.storyboard */; };
		00DD46A41F2763EE00564B91 /* AAPLPreviewView.m in Sources */ = {isa = PBXBuildFile; fileRef = 00DD46A11F2763EE00564B91 /* AAPLPreviewView.m */; };
		00DD46A51F2763EE00564B91 /* AAPLCameraViewController.m in Sources */ = {isa = PBXBuildFile; fileRef = 00DD46A31F2763EE00564B91 /* AAPLCameraViewController.m */; };
		00DD46AB1F27984100564B91 /* GoogleService-Info.plist in Resources */ = {isa = PBXBuildFile; fileRef = 00DD46AA1F27984100564B91 /* GoogleService-Info.plist */; };
		00DD46AD1F27C9D500564B91 /* RoundTextField.swift in Sources */ = {isa = PBXBuildFile; fileRef = 00DD46AC1F27C9D500564B91 /* RoundTextField.swift */; };
		00DD46AF1F27D1F100564B91 /* RoundedButton.swift in Sources */ = {isa = PBXBuildFile; fileRef = 00DD46AE1F27D1F100564B91 /* RoundedButton.swift */; };
		00DD46B11F27D78000564B91 /* LoginVC.swift in Sources */ = {isa = PBXBuildFile; fileRef = 00DD46B01F27D78000564B91 /* LoginVC.swift */; };
		00DD46B41F28978500564B91 /* AuthService.swift in Sources */ = {isa = PBXBuildFile; fileRef = 00DD46B31F28978500564B91 /* AuthService.swift */; };
		00DD46B61F28B84400564B91 /* DataService.swift in Sources */ = {isa = PBXBuildFile; fileRef = 00DD46B51F28B84400564B91 /* DataService.swift */; };
		6A0E836A45588D33C683C496 /* Pods_DevChat.framework in Frameworks */ = {isa = PBXBuildFile; fileRef = FCB2C20845D1704F693B5556 /* Pods_DevChat.framework */; };
/* End PBXBuildFile section */

/* Begin PBXFileReference section */
		00DD46881F2763B500564B91 /* DevChat.app */ = {isa = PBXFileReference; explicitFileType = wrapper.application; includeInIndex = 0; path = DevChat.app; sourceTree = BUILT_PRODUCTS_DIR; };
		00DD468B1F2763B500564B91 /* AppDelegate.swift */ = {isa = PBXFileReference; lastKnownFileType = sourcecode.swift; path = AppDelegate.swift; sourceTree = "<group>"; };
		00DD468D1F2763B500564B91 /* CameraVC.swift */ = {isa = PBXFileReference; lastKnownFileType = sourcecode.swift; path = CameraVC.swift; sourceTree = "<group>"; };
		00DD46901F2763B500564B91 /* Base */ = {isa = PBXFileReference; lastKnownFileType = file.storyboard; name = Base; path = Base.lproj/Main.storyboard; sourceTree = "<group>"; };
		00DD46921F2763B500564B91 /* Assets.xcassets */ = {isa = PBXFileReference; lastKnownFileType = folder.assetcatalog; path = Assets.xcassets; sourceTree = "<group>"; };
		00DD46951F2763B500564B91 /* Base */ = {isa = PBXFileReference; lastKnownFileType = file.storyboard; name = Base; path = Base.lproj/LaunchScreen.storyboard; sourceTree = "<group>"; };
		00DD46971F2763B500564B91 /* Info.plist */ = {isa = PBXFileReference; lastKnownFileType = text.plist.xml; path = Info.plist; sourceTree = "<group>"; };
		00DD469F1F2763EE00564B91 /* DevChat-Bridging-Header.h */ = {isa = PBXFileReference; lastKnownFileType = sourcecode.c.h; path = "DevChat-Bridging-Header.h"; sourceTree = "<group>"; };
		00DD46A01F2763EE00564B91 /* AAPLPreviewView.h */ = {isa = PBXFileReference; fileEncoding = 4; lastKnownFileType = sourcecode.c.h; path = AAPLPreviewView.h; sourceTree = "<group>"; };
		00DD46A11F2763EE00564B91 /* AAPLPreviewView.m */ = {isa = PBXFileReference; fileEncoding = 4; lastKnownFileType = sourcecode.c.objc; path = AAPLPreviewView.m; sourceTree = "<group>"; };
		00DD46A21F2763EE00564B91 /* AAPLCameraViewController.h */ = {isa = PBXFileReference; fileEncoding = 4; lastKnownFileType = sourcecode.c.h; path = AAPLCameraViewController.h; sourceTree = "<group>"; };
		00DD46A31F2763EE00564B91 /* AAPLCameraViewController.m */ = {isa = PBXFileReference; fileEncoding = 4; lastKnownFileType = sourcecode.c.objc; path = AAPLCameraViewController.m; sourceTree = "<group>"; };
		00DD46A91F278C5700564B91 /* AAPLCameraVCDelegate.h */ = {isa = PBXFileReference; fileEncoding = 4; lastKnownFileType = sourcecode.c.h; path = AAPLCameraVCDelegate.h; sourceTree = "<group>"; };
		00DD46AA1F27984100564B91 /* GoogleService-Info.plist */ = {isa = PBXFileReference; fileEncoding = 4; lastKnownFileType = text.plist.xml; path = "GoogleService-Info.plist"; sourceTree = "<group>"; };
		00DD46AC1F27C9D500564B91 /* RoundTextField.swift */ = {isa = PBXFileReference; fileEncoding = 4; lastKnownFileType = sourcecode.swift; path = RoundTextField.swift; sourceTree = "<group>"; };
		00DD46AE1F27D1F100564B91 /* RoundedButton.swift */ = {isa = PBXFileReference; fileEncoding = 4; lastKnownFileType = sourcecode.swift; path = RoundedButton.swift; sourceTree = "<group>"; };
		00DD46B01F27D78000564B91 /* LoginVC.swift */ = {isa = PBXFileReference; fileEncoding = 4; lastKnownFileType = sourcecode.swift; path = LoginVC.swift; sourceTree = "<group>"; };
		00DD46B31F28978500564B91 /* AuthService.swift */ = {isa = PBXFileReference; fileEncoding = 4; lastKnownFileType = sourcecode.swift; path = AuthService.swift; sourceTree = "<group>"; };
		00DD46B51F28B84400564B91 /* DataService.swift */ = {isa = PBXFileReference; fileEncoding = 4; lastKnownFileType = sourcecode.swift; path = DataService.swift; sourceTree = "<group>"; };
		272F4A3C60AB4A5FE151ECCA /* Pods-DevChat.debug.xcconfig */ = {isa = PBXFileReference; includeInIndex = 1; lastKnownFileType = text.xcconfig; name = "Pods-DevChat.debug.xcconfig"; path = "Pods/Target Support Files/Pods-DevChat/Pods-DevChat.debug.xcconfig"; sourceTree = "<group>"; };
		5F662CF61ADEDA2CB2853AFB /* Pods-DevChat.release.xcconfig */ = {isa = PBXFileReference; includeInIndex = 1; lastKnownFileType = text.xcconfig; name = "Pods-DevChat.release.xcconfig"; path = "Pods/Target Support Files/Pods-DevChat/Pods-DevChat.release.xcconfig"; sourceTree = "<group>"; };
		FCB2C20845D1704F693B5556 /* Pods_DevChat.framework */ = {isa = PBXFileReference; explicitFileType = wrapper.framework; includeInIndex = 0; path = Pods_DevChat.framework; sourceTree = BUILT_PRODUCTS_DIR; };
/* End PBXFileReference section */

/* Begin PBXFrameworksBuildPhase section */
		00DD46851F2763B500564B91 /* Frameworks */ = {
			isa = PBXFrameworksBuildPhase;
			buildActionMask = 2147483647;
			files = (
				6A0E836A45588D33C683C496 /* Pods_DevChat.framework in Frameworks */,
			);
			runOnlyForDeploymentPostprocessing = 0;
		};
/* End PBXFrameworksBuildPhase section */

/* Begin PBXGroup section */
		00DD467F1F2763B500564B91 = {
			isa = PBXGroup;
			children = (
				00DD468A1F2763B500564B91 /* DevChat */,
				00DD46891F2763B500564B91 /* Products */,
				8AD61326F1A25D9DA8BD516B /* Pods */,
				675289FAA1C9B1D052CA9F07 /* Frameworks */,
			);
			sourceTree = "<group>";
		};
		00DD46891F2763B500564B91 /* Products */ = {
			isa = PBXGroup;
			children = (
				00DD46881F2763B500564B91 /* DevChat.app */,
			);
			name = Products;
			sourceTree = "<group>";
		};
		00DD468A1F2763B500564B91 /* DevChat */ = {
			isa = PBXGroup;
			children = (
				00DD46B21F28977500564B91 /* Services */,
				00DD46A61F278B3700564B91 /* Protocols */,
				00DD469E1F2763D500564B91 /* Controller */,
				00DD469D1F2763D200564B91 /* View */,
				00DD468B1F2763B500564B91 /* AppDelegate.swift */,
				00DD468F1F2763B500564B91 /* Main.storyboard */,
				00DD46921F2763B500564B91 /* Assets.xcassets */,
				00DD46941F2763B500564B91 /* LaunchScreen.storyboard */,
				00DD46971F2763B500564B91 /* Info.plist */,
				00DD469F1F2763EE00564B91 /* DevChat-Bridging-Header.h */,
				00DD46AA1F27984100564B91 /* GoogleService-Info.plist */,
			);
			path = DevChat;
			sourceTree = "<group>";
		};
		00DD469D1F2763D200564B91 /* View */ = {
			isa = PBXGroup;
			children = (
				00DD46A01F2763EE00564B91 /* AAPLPreviewView.h */,
				00DD46A11F2763EE00564B91 /* AAPLPreviewView.m */,
				00DD46AC1F27C9D500564B91 /* RoundTextField.swift */,
				00DD46AE1F27D1F100564B91 /* RoundedButton.swift */,
			);
			name = View;
			sourceTree = "<group>";
		};
		00DD469E1F2763D500564B91 /* Controller */ = {
			isa = PBXGroup;
			children = (
				00DD46A21F2763EE00564B91 /* AAPLCameraViewController.h */,
				00DD46A31F2763EE00564B91 /* AAPLCameraViewController.m */,
				00DD468D1F2763B500564B91 /* CameraVC.swift */,
				00DD46B01F27D78000564B91 /* LoginVC.swift */,
			);
			name = Controller;
			sourceTree = "<group>";
		};
		00DD46A61F278B3700564B91 /* Protocols */ = {
			isa = PBXGroup;
			children = (
				00DD46A91F278C5700564B91 /* AAPLCameraVCDelegate.h */,
			);
			name = Protocols;
			sourceTree = "<group>";
		};
		00DD46B21F28977500564B91 /* Services */ = {
			isa = PBXGroup;
			children = (
				00DD46B31F28978500564B91 /* AuthService.swift */,
				00DD46B51F28B84400564B91 /* DataService.swift */,
			);
			name = Services;
			sourceTree = "<group>";
		};
		675289FAA1C9B1D052CA9F07 /* Frameworks */ = {
			isa = PBXGroup;
			children = (
				FCB2C20845D1704F693B5556 /* Pods_DevChat.framework */,
			);
			name = Frameworks;
			sourceTree = "<group>";
		};
		8AD61326F1A25D9DA8BD516B /* Pods */ = {
			isa = PBXGroup;
			children = (
				272F4A3C60AB4A5FE151ECCA /* Pods-DevChat.debug.xcconfig */,
				5F662CF61ADEDA2CB2853AFB /* Pods-DevChat.release.xcconfig */,
			);
			name = Pods;
			sourceTree = "<group>";
		};
/* End PBXGroup section */

/* Begin PBXNativeTarget section */
		00DD46871F2763B500564B91 /* DevChat */ = {
			isa = PBXNativeTarget;
			buildConfigurationList = 00DD469A1F2763B500564B91 /* Build configuration list for PBXNativeTarget "DevChat" */;
			buildPhases = (
				EE810A008B8D1611B8FA1B4E /* [CP] Check Pods Manifest.lock */,
				00DD46841F2763B500564B91 /* Sources */,
				00DD46851F2763B500564B91 /* Frameworks */,
				00DD46861F2763B500564B91 /* Resources */,
				43070F252BAF8F268631009B /* [CP] Embed Pods Frameworks */,
				39FB3361ECF8B72E60F215F9 /* [CP] Copy Pods Resources */,
			);
			buildRules = (
			);
			dependencies = (
			);
			name = DevChat;
			productName = DevChat;
			productReference = 00DD46881F2763B500564B91 /* DevChat.app */;
			productType = "com.apple.product-type.application";
		};
/* End PBXNativeTarget section */

/* Begin PBXProject section */
		00DD46801F2763B500564B91 /* Project object */ = {
			isa = PBXProject;
			attributes = {
				LastSwiftUpdateCheck = 0830;
				LastUpgradeCheck = 0830;
				ORGANIZATIONNAME = "Jeremy Clerico";
				TargetAttributes = {
					00DD46871F2763B500564B91 = {
						CreatedOnToolsVersion = 8.3.3;
						DevelopmentTeam = VUPUN7YH6F;
						LastSwiftMigration = 0830;
						ProvisioningStyle = Automatic;
					};
				};
			};
			buildConfigurationList = 00DD46831F2763B500564B91 /* Build configuration list for PBXProject "DevChat" */;
			compatibilityVersion = "Xcode 3.2";
			developmentRegion = English;
			hasScannedForEncodings = 0;
			knownRegions = (
				en,
				Base,
			);
			mainGroup = 00DD467F1F2763B500564B91;
			productRefGroup = 00DD46891F2763B500564B91 /* Products */;
			projectDirPath = "";
			projectRoot = "";
			targets = (
				00DD46871F2763B500564B91 /* DevChat */,
			);
		};
/* End PBXProject section */

/* Begin PBXResourcesBuildPhase section */
		00DD46861F2763B500564B91 /* Resources */ = {
			isa = PBXResourcesBuildPhase;
			buildActionMask = 2147483647;
			files = (
				00DD46961F2763B500564B91 /* LaunchScreen.storyboard in Resources */,
				00DD46AB1F27984100564B91 /* GoogleService-Info.plist in Resources */,
				00DD46931F2763B500564B91 /* Assets.xcassets in Resources */,
				00DD46911F2763B500564B91 /* Main.storyboard in Resources */,
			);
			runOnlyForDeploymentPostprocessing = 0;
		};
/* End PBXResourcesBuildPhase section */

/* Begin PBXShellScriptBuildPhase section */
		39FB3361ECF8B72E60F215F9 /* [CP] Copy Pods Resources */ = {
			isa = PBXShellScriptBuildPhase;
			buildActionMask = 2147483647;
			files = (
			);
			inputPaths = (
			);
			name = "[CP] Copy Pods Resources";
			outputPaths = (
			);
			runOnlyForDeploymentPostprocessing = 0;
			shellPath = /bin/sh;
			shellScript = "\"${SRCROOT}/Pods/Target Support Files/Pods-DevChat/Pods-DevChat-resources.sh\"\n";
			showEnvVarsInLog = 0;
		};
		43070F252BAF8F268631009B /* [CP] Embed Pods Frameworks */ = {
			isa = PBXShellScriptBuildPhase;
			buildActionMask = 2147483647;
			files = (
			);
			inputPaths = (
			);
			name = "[CP] Embed Pods Frameworks";
			outputPaths = (
			);
			runOnlyForDeploymentPostprocessing = 0;
			shellPath = /bin/sh;
			shellScript = "\"${SRCROOT}/Pods/Target Support Files/Pods-DevChat/Pods-DevChat-frameworks.sh\"\n";
			showEnvVarsInLog = 0;
		};
		EE810A008B8D1611B8FA1B4E /* [CP] Check Pods Manifest.lock */ = {
			isa = PBXShellScriptBuildPhase;
			buildActionMask = 2147483647;
			files = (
			);
			inputPaths = (
			);
			name = "[CP] Check Pods Manifest.lock";
			outputPaths = (
			);
			runOnlyForDeploymentPostprocessing = 0;
			shellPath = /bin/sh;
			shellScript = "diff \"${PODS_PODFILE_DIR_PATH}/Podfile.lock\" \"${PODS_ROOT}/Manifest.lock\" > /dev/null\nif [ $? != 0 ] ; then\n    # print error to STDERR\n    echo \"error: The sandbox is not in sync with the Podfile.lock. Run 'pod install' or update your CocoaPods installation.\" >&2\n    exit 1\nfi\n";
			showEnvVarsInLog = 0;
		};
/* End PBXShellScriptBuildPhase section */

/* Begin PBXSourcesBuildPhase section */
		00DD46841F2763B500564B91 /* Sources */ = {
			isa = PBXSourcesBuildPhase;
			buildActionMask = 2147483647;
			files = (
				00DD46B61F28B84400564B91 /* DataService.swift in Sources */,
				00DD468E1F2763B500564B91 /* CameraVC.swift in Sources */,
				00DD46AF1F27D1F100564B91 /* RoundedButton.swift in Sources */,
				00DD46B11F27D78000564B91 /* LoginVC.swift in Sources */,
				00DD468C1F2763B500564B91 /* AppDelegate.swift in Sources */,
				00DD46AD1F27C9D500564B91 /* RoundTextField.swift in Sources */,
				00DD46A41F2763EE00564B91 /* AAPLPreviewView.m in Sources */,
				00DD46A51F2763EE00564B91 /* AAPLCameraViewController.m in Sources */,
				00DD46B41F28978500564B91 /* AuthService.swift in Sources */,
			);
			runOnlyForDeploymentPostprocessing = 0;
		};
/* End PBXSourcesBuildPhase section */

/* Begin PBXVariantGroup section */
		00DD468F1F2763B500564B91 /* Main.storyboard */ = {
			isa = PBXVariantGroup;
			children = (
				00DD46901F2763B500564B91 /* Base */,
			);
			name = Main.storyboard;
			sourceTree = "<group>";
		};
		00DD46941F2763B500564B91 /* LaunchScreen.storyboard */ = {
			isa = PBXVariantGroup;
			children = (
				00DD46951F2763B500564B91 /* Base */,
			);
			name = LaunchScreen.storyboard;
			sourceTree = "<group>";
		};
/* End PBXVariantGroup section */

/* Begin XCBuildConfiguration section */
		00DD46981F2763B500564B91 /* Debug */ = {
			isa = XCBuildConfiguration;
			buildSettings = {
				ALWAYS_SEARCH_USER_PATHS = NO;
				CLANG_ANALYZER_NONNULL = YES;
				CLANG_ANALYZER_NUMBER_OBJECT_CONVERSION = YES_AGGRESSIVE;
				CLANG_CXX_LANGUAGE_STANDARD = "gnu++0x";
				CLANG_CXX_LIBRARY = "libc++";
				CLANG_ENABLE_MODULES = YES;
				CLANG_ENABLE_OBJC_ARC = YES;
				CLANG_WARN_BOOL_CONVERSION = YES;
				CLANG_WARN_CONSTANT_CONVERSION = YES;
				CLANG_WARN_DIRECT_OBJC_ISA_USAGE = YES_ERROR;
				CLANG_WARN_DOCUMENTATION_COMMENTS = YES;
				CLANG_WARN_EMPTY_BODY = YES;
				CLANG_WARN_ENUM_CONVERSION = YES;
				CLANG_WARN_INFINITE_RECURSION = YES;
				CLANG_WARN_INT_CONVERSION = YES;
				CLANG_WARN_OBJC_ROOT_CLASS = YES_ERROR;
				CLANG_WARN_SUSPICIOUS_MOVE = YES;
				CLANG_WARN_UNREACHABLE_CODE = YES;
				CLANG_WARN__DUPLICATE_METHOD_MATCH = YES;
				"CODE_SIGN_IDENTITY[sdk=iphoneos*]" = "iPhone Developer";
				COPY_PHASE_STRIP = NO;
				DEBUG_INFORMATION_FORMAT = dwarf;
				ENABLE_STRICT_OBJC_MSGSEND = YES;
				ENABLE_TESTABILITY = YES;
				GCC_C_LANGUAGE_STANDARD = gnu99;
				GCC_DYNAMIC_NO_PIC = NO;
				GCC_NO_COMMON_BLOCKS = YES;
				GCC_OPTIMIZATION_LEVEL = 0;
				GCC_PREPROCESSOR_DEFINITIONS = (
					"DEBUG=1",
					"$(inherited)",
				);
				GCC_WARN_64_TO_32_BIT_CONVERSION = YES;
				GCC_WARN_ABOUT_RETURN_TYPE = YES_ERROR;
				GCC_WARN_UNDECLARED_SELECTOR = YES;
				GCC_WARN_UNINITIALIZED_AUTOS = YES_AGGRESSIVE;
				GCC_WARN_UNUSED_FUNCTION = YES;
				GCC_WARN_UNUSED_VARIABLE = YES;
				IPHONEOS_DEPLOYMENT_TARGET = 10.3;
				MTL_ENABLE_DEBUG_INFO = YES;
				ONLY_ACTIVE_ARCH = YES;
				SDKROOT = iphoneos;
				SWIFT_ACTIVE_COMPILATION_CONDITIONS = DEBUG;
				SWIFT_OPTIMIZATION_LEVEL = "-Onone";
				TARGETED_DEVICE_FAMILY = "1,2";
			};
			name = Debug;
		};
		00DD46991F2763B500564B91 /* Release */ = {
			isa = XCBuildConfiguration;
			buildSettings = {
				ALWAYS_SEARCH_USER_PATHS = NO;
				CLANG_ANALYZER_NONNULL = YES;
				CLANG_ANALYZER_NUMBER_OBJECT_CONVERSION = YES_AGGRESSIVE;
				CLANG_CXX_LANGUAGE_STANDARD = "gnu++0x";
				CLANG_CXX_LIBRARY = "libc++";
				CLANG_ENABLE_MODULES = YES;
				CLANG_ENABLE_OBJC_ARC = YES;
				CLANG_WARN_BOOL_CONVERSION = YES;
				CLANG_WARN_CONSTANT_CONVERSION = YES;
				CLANG_WARN_DIRECT_OBJC_ISA_USAGE = YES_ERROR;
				CLANG_WARN_DOCUMENTATION_COMMENTS = YES;
				CLANG_WARN_EMPTY_BODY = YES;
				CLANG_WARN_ENUM_CONVERSION = YES;
				CLANG_WARN_INFINITE_RECURSION = YES;
				CLANG_WARN_INT_CONVERSION = YES;
				CLANG_WARN_OBJC_ROOT_CLASS = YES_ERROR;
				CLANG_WARN_SUSPICIOUS_MOVE = YES;
				CLANG_WARN_UNREACHABLE_CODE = YES;
				CLANG_WARN__DUPLICATE_METHOD_MATCH = YES;
				"CODE_SIGN_IDENTITY[sdk=iphoneos*]" = "iPhone Developer";
				COPY_PHASE_STRIP = NO;
				DEBUG_INFORMATION_FORMAT = "dwarf-with-dsym";
				ENABLE_NS_ASSERTIONS = NO;
				ENABLE_STRICT_OBJC_MSGSEND = YES;
				GCC_C_LANGUAGE_STANDARD = gnu99;
				GCC_NO_COMMON_BLOCKS = YES;
				GCC_WARN_64_TO_32_BIT_CONVERSION = YES;
				GCC_WARN_ABOUT_RETURN_TYPE = YES_ERROR;
				GCC_WARN_UNDECLARED_SELECTOR = YES;
				GCC_WARN_UNINITIALIZED_AUTOS = YES_AGGRESSIVE;
				GCC_WARN_UNUSED_FUNCTION = YES;
				GCC_WARN_UNUSED_VARIABLE = YES;
				IPHONEOS_DEPLOYMENT_TARGET = 10.3;
				MTL_ENABLE_DEBUG_INFO = NO;
				SDKROOT = iphoneos;
				SWIFT_OPTIMIZATION_LEVEL = "-Owholemodule";
				TARGETED_DEVICE_FAMILY = "1,2";
				VALIDATE_PRODUCT = YES;
			};
			name = Release;
		};
		00DD469B1F2763B500564B91 /* Debug */ = {
			isa = XCBuildConfiguration;
			baseConfigurationReference = 272F4A3C60AB4A5FE151ECCA /* Pods-DevChat.debug.xcconfig */;
			buildSettings = {
				ASSETCATALOG_COMPILER_APPICON_NAME = AppIcon;
				CLANG_ENABLE_MODULES = YES;
				DEVELOPMENT_TEAM = VUPUN7YH6F;
				INFOPLIST_FILE = DevChat/Info.plist;
				LD_RUNPATH_SEARCH_PATHS = "$(inherited) @executable_path/Frameworks";
				PRODUCT_BUNDLE_IDENTIFIER = com.JClerico.DevChat;
				PRODUCT_NAME = "$(TARGET_NAME)";
				SWIFT_OBJC_BRIDGING_HEADER = "DevChat/DevChat-Bridging-Header.h";
				SWIFT_OPTIMIZATION_LEVEL = "-Onone";
				SWIFT_VERSION = 3.0;
			};
			name = Debug;
		};
		00DD469C1F2763B500564B91 /* Release */ = {
			isa = XCBuildConfiguration;
			baseConfigurationReference = 5F662CF61ADEDA2CB2853AFB /* Pods-DevChat.release.xcconfig */;
			buildSettings = {
				ASSETCATALOG_COMPILER_APPICON_NAME = AppIcon;
				CLANG_ENABLE_MODULES = YES;
				DEVELOPMENT_TEAM = VUPUN7YH6F;
				INFOPLIST_FILE = DevChat/Info.plist;
				LD_RUNPATH_SEARCH_PATHS = "$(inherited) @executable_path/Frameworks";
				PRODUCT_BUNDLE_IDENTIFIER = com.JClerico.DevChat;
				PRODUCT_NAME = "$(TARGET_NAME)";
				SWIFT_OBJC_BRIDGING_HEADER = "DevChat/DevChat-Bridging-Header.h";
				SWIFT_VERSION = 3.0;
			};
			name = Release;
		};
/* End XCBuildConfiguration section */

/* Begin XCConfigurationList section */
		00DD46831F2763B500564B91 /* Build configuration list for PBXProject "DevChat" */ = {
			isa = XCConfigurationList;
			buildConfigurations = (
				00DD46981F2763B500564B91 /* Debug */,
				00DD46991F2763B500564B91 /* Release */,
			);
			defaultConfigurationIsVisible = 0;
			defaultConfigurationName = Release;
		};
		00DD469A1F2763B500564B91 /* Build configuration list for PBXNativeTarget "DevChat" */ = {
			isa = XCConfigurationList;
			buildConfigurations = (
				00DD469B1F2763B500564B91 /* Debug */,
				00DD469C1F2763B500564B91 /* Release */,
			);
			defaultConfigurationIsVisible = 0;
			defaultConfigurationName = Release;
		};
/* End XCConfigurationList section */
	};
	rootObject = 00DD46801F2763B500564B91 /* Project object */;
}
